# @generated by Move, please check-in and do not edit manually.

[move]
version = 3
manifest_digest = "667F4F27040C5BAD597424A98E4C05897F377358661E29E9112ABFBBABB2C317"
deps_digest = "F8BBB0CCB2491CA29A3DF03D6F92277A4F3574266507ACD77214D37ECA3F3082"
dependencies = [
  { id = "Sui", name = "Sui" },
]

[[move.package]]
id = "MoveStdlib"
source = { git = "https://github.com/MystenLabs/sui.git", rev = "framework/testnet", subdir = "crates/sui-framework/packages/move-stdlib" }

[[move.package]]
id = "Sui"
source = { git = "https://github.com/MystenLabs/sui.git", rev = "framework/testnet", subdir = "crates/sui-framework/packages/sui-framework" }

dependencies = [
  { id = "MoveStdlib", name = "MoveStdlib" },
]

[move.toolchain-version]
compiler-version = "1.36.1"
edition = "2024.beta"
flavor = "sui"

[env]

[env.testnet]
chain-id = "4c78adac"
original-published-id = "0x2d50b14c43fed2da711da13471fc746d07227b0049b6612c11627b3f4ffe096f"
latest-published-id = "0x2d50b14c43fed2da711da13471fc746d07227b0049b6612c11627b3f4ffe096f"
published-version = "1"
